
Microsoft Visual Studio Solution File, Format Version 12.00
# Visual Studio 15
VisualStudioVersion = 15.0.26124.0
MinimumVisualStudioVersion = 15.0.26124.0
Project("{FAE04EC0-301F-11D3-BF4B-00C04F79EFBC}") = "PizzaBox.Client", "PizzaBox.Client\PizzaBox.Client.csproj", "{62BFC631-78A7-4671-8A26-ACE37ACE1B1F}"
EndProject
Project("{FAE04EC0-301F-11D3-BF4B-00C04F79EFBC}") = "PizzaBox.Domain", "PizzaBox.Domain\PizzaBox.Domain.csproj", "{6AAF88D2-1620-48D4-A244-3F9973EBBE33}"
EndProject
Project("{FAE04EC0-301F-11D3-BF4B-00C04F79EFBC}") = "PizzaBox.Testing", "PizzaBox.Testing\PizzaBox.Testing.csproj", "{46D6355E-82B3-4985-8B5E-EE65D4C4CA09}"
EndProject
Project("{FAE04EC0-301F-11D3-BF4B-00C04F79EFBC}") = "PizzaBox.Storing", "PizzaBox.Storing\PizzaBox.Storing.csproj", "{B7E1B61B-F0FF-4C7F-87B6-D49435261100}"
EndProject
Project("{FAE04EC0-301F-11D3-BF4B-00C04F79EFBC}") = "PizzaBox.Seller", "PizzaBox.Seller\PizzaBox.Seller.csproj", "{6907ECEF-DDD6-4A52-BA40-7F9A8858E323}"
EndProject
Global
	GlobalSection(SolutionConfigurationPlatforms) = preSolution
		Debug|Any CPU = Debug|Any CPU
		Debug|x64 = Debug|x64
		Debug|x86 = Debug|x86
		Release|Any CPU = Release|Any CPU
		Release|x64 = Release|x64
		Release|x86 = Release|x86
	EndGlobalSection
	GlobalSection(SolutionProperties) = preSolution
		HideSolutionNode = FALSE
	EndGlobalSection
	GlobalSection(ProjectConfigurationPlatforms) = postSolution
		{62BFC631-78A7-4671-8A26-ACE37ACE1B1F}.Debug|Any CPU.ActiveCfg = Debug|Any CPU
		{62BFC631-78A7-4671-8A26-ACE37ACE1B1F}.Debug|Any CPU.Build.0 = Debug|Any CPU
		{62BFC631-78A7-4671-8A26-ACE37ACE1B1F}.Debug|x64.ActiveCfg = Debug|Any CPU
		{62BFC631-78A7-4671-8A26-ACE37ACE1B1F}.Debug|x64.Build.0 = Debug|Any CPU
		{62BFC631-78A7-4671-8A26-ACE37ACE1B1F}.Debug|x86.ActiveCfg = Debug|Any CPU
		{62BFC631-78A7-4671-8A26-ACE37ACE1B1F}.Debug|x86.Build.0 = Debug|Any CPU
		{62BFC631-78A7-4671-8A26-ACE37ACE1B1F}.Release|Any CPU.ActiveCfg = Release|Any CPU
		{62BFC631-78A7-4671-8A26-ACE37ACE1B1F}.Release|Any CPU.Build.0 = Release|Any CPU
		{62BFC631-78A7-4671-8A26-ACE37ACE1B1F}.Release|x64.ActiveCfg = Release|Any CPU
		{62BFC631-78A7-4671-8A26-ACE37ACE1B1F}.Release|x64.Build.0 = Release|Any CPU
		{62BFC631-78A7-4671-8A26-ACE37ACE1B1F}.Release|x86.ActiveCfg = Release|Any CPU
		{62BFC631-78A7-4671-8A26-ACE37ACE1B1F}.Release|x86.Build.0 = Release|Any CPU
		{6AAF88D2-1620-48D4-A244-3F9973EBBE33}.Debug|Any CPU.ActiveCfg = Debug|Any CPU
		{6AAF88D2-1620-48D4-A244-3F9973EBBE33}.Debug|Any CPU.Build.0 = Debug|Any CPU
		{6AAF88D2-1620-48D4-A244-3F9973EBBE33}.Debug|x64.ActiveCfg = Debug|Any CPU
		{6AAF88D2-1620-48D4-A244-3F9973EBBE33}.Debug|x64.Build.0 = Debug|Any CPU
		{6AAF88D2-1620-48D4-A244-3F9973EBBE33}.Debug|x86.ActiveCfg = Debug|Any CPU
		{6AAF88D2-1620-48D4-A244-3F9973EBBE33}.Debug|x86.Build.0 = Debug|Any CPU
		{6AAF88D2-1620-48D4-A244-3F9973EBBE33}.Release|Any CPU.ActiveCfg = Release|Any CPU
		{6AAF88D2-1620-48D4-A244-3F9973EBBE33}.Release|Any CPU.Build.0 = Release|Any CPU
		{6AAF88D2-1620-48D4-A244-3F9973EBBE33}.Release|x64.ActiveCfg = Release|Any CPU
		{6AAF88D2-1620-48D4-A244-3F9973EBBE33}.Release|x64.Build.0 = Release|Any CPU
		{6AAF88D2-1620-48D4-A244-3F9973EBBE33}.Release|x86.ActiveCfg = Release|Any CPU
		{6AAF88D2-1620-48D4-A244-3F9973EBBE33}.Release|x86.Build.0 = Release|Any CPU
		{46D6355E-82B3-4985-8B5E-EE65D4C4CA09}.Debug|Any CPU.ActiveCfg = Debug|Any CPU
		{46D6355E-82B3-4985-8B5E-EE65D4C4CA09}.Debug|Any CPU.Build.0 = Debug|Any CPU
		{46D6355E-82B3-4985-8B5E-EE65D4C4CA09}.Debug|x64.ActiveCfg = Debug|Any CPU
		{46D6355E-82B3-4985-8B5E-EE65D4C4CA09}.Debug|x64.Build.0 = Debug|Any CPU
		{46D6355E-82B3-4985-8B5E-EE65D4C4CA09}.Debug|x86.ActiveCfg = Debug|Any CPU
		{46D6355E-82B3-4985-8B5E-EE65D4C4CA09}.Debug|x86.Build.0 = Debug|Any CPU
		{46D6355E-82B3-4985-8B5E-EE65D4C4CA09}.Release|Any CPU.ActiveCfg = Release|Any CPU
		{46D6355E-82B3-4985-8B5E-EE65D4C4CA09}.Release|Any CPU.Build.0 = Release|Any CPU
		{46D6355E-82B3-4985-8B5E-EE65D4C4CA09}.Release|x64.ActiveCfg = Release|Any CPU
		{46D6355E-82B3-4985-8B5E-EE65D4C4CA09}.Release|x64.Build.0 = Release|Any CPU
		{46D6355E-82B3-4985-8B5E-EE65D4C4CA09}.Release|x86.ActiveCfg = Release|Any CPU
		{46D6355E-82B3-4985-8B5E-EE65D4C4CA09}.Release|x86.Build.0 = Release|Any CPU
		{B7E1B61B-F0FF-4C7F-87B6-D49435261100}.Debug|Any CPU.ActiveCfg = Debug|Any CPU
		{B7E1B61B-F0FF-4C7F-87B6-D49435261100}.Debug|Any CPU.Build.0 = Debug|Any CPU
		{B7E1B61B-F0FF-4C7F-87B6-D49435261100}.Debug|x64.ActiveCfg = Debug|Any CPU
		{B7E1B61B-F0FF-4C7F-87B6-D49435261100}.Debug|x64.Build.0 = Debug|Any CPU
		{B7E1B61B-F0FF-4C7F-87B6-D49435261100}.Debug|x86.ActiveCfg = Debug|Any CPU
		{B7E1B61B-F0FF-4C7F-87B6-D49435261100}.Debug|x86.Build.0 = Debug|Any CPU
		{B7E1B61B-F0FF-4C7F-87B6-D49435261100}.Release|Any CPU.ActiveCfg = Release|Any CPU
		{B7E1B61B-F0FF-4C7F-87B6-D49435261100}.Release|Any CPU.Build.0 = Release|Any CPU
		{B7E1B61B-F0FF-4C7F-87B6-D49435261100}.Release|x64.ActiveCfg = Release|Any CPU
		{B7E1B61B-F0FF-4C7F-87B6-D49435261100}.Release|x64.Build.0 = Release|Any CPU
		{B7E1B61B-F0FF-4C7F-87B6-D49435261100}.Release|x86.ActiveCfg = Release|Any CPU
		{B7E1B61B-F0FF-4C7F-87B6-D49435261100}.Release|x86.Build.0 = Release|Any CPU
		{6907ECEF-DDD6-4A52-BA40-7F9A8858E323}.Debug|Any CPU.ActiveCfg = Debug|Any CPU
		{6907ECEF-DDD6-4A52-BA40-7F9A8858E323}.Debug|Any CPU.Build.0 = Debug|Any CPU
		{6907ECEF-DDD6-4A52-BA40-7F9A8858E323}.Debug|x64.ActiveCfg = Debug|Any CPU
		{6907ECEF-DDD6-4A52-BA40-7F9A8858E323}.Debug|x64.Build.0 = Debug|Any CPU
		{6907ECEF-DDD6-4A52-BA40-7F9A8858E323}.Debug|x86.ActiveCfg = Debug|Any CPU
		{6907ECEF-DDD6-4A52-BA40-7F9A8858E323}.Debug|x86.Build.0 = Debug|Any CPU
		{6907ECEF-DDD6-4A52-BA40-7F9A8858E323}.Release|Any CPU.ActiveCfg = Release|Any CPU
		{6907ECEF-DDD6-4A52-BA40-7F9A8858E323}.Release|Any CPU.Build.0 = Release|Any CPU
		{6907ECEF-DDD6-4A52-BA40-7F9A8858E323}.Release|x64.ActiveCfg = Release|Any CPU
		{6907ECEF-DDD6-4A52-BA40-7F9A8858E323}.Release|x64.Build.0 = Release|Any CPU
		{6907ECEF-DDD6-4A52-BA40-7F9A8858E323}.Release|x86.ActiveCfg = Release|Any CPU
		{6907ECEF-DDD6-4A52-BA40-7F9A8858E323}.Release|x86.Build.0 = Release|Any CPU
	EndGlobalSection
EndGlobal
